<?xml version="1.0" encoding="utf-8"?>
<Project ToolsVersion="4.0" xmlns="http://schemas.microsoft.com/developer/msbuild/2003">
  <ItemGroup>
    <ClInclude Include="Global.h" />
    <ClInclude Include="Camera\Camera.h">
      <Filter>Camera</Filter>
    </ClInclude>
    <ClInclude Include="Field\Field.h">
      <Filter>Field</Filter>
    </ClInclude>
    <ClInclude Include="Item\Item.h">
      <Filter>Item</Filter>
    </ClInclude>
    <ClInclude Include="Task\Task.h">
      <Filter>Task</Filter>
    </ClInclude>
    <ClInclude Include="Task\TaskManager.h">
      <Filter>Task</Filter>
    </ClInclude>
    <ClInclude Include="Title\Title.h">
      <Filter>Title</Filter>
    </ClInclude>
    <ClInclude Include="ObjectBase\ObjectBase.h">
      <Filter>ObjectBase</Filter>
    </ClInclude>
    <ClInclude Include="GameScene\GameScene.h">
      <Filter>GameScene</Filter>
    </ClInclude>
    <ClInclude Include="Chara\Enemy\Enemy.h">
      <Filter>Chara\Enemy</Filter>
    </ClInclude>
    <ClInclude Include="Chara\Enemy\EnemyManager.h">
      <Filter>Chara\Enemy</Filter>
    </ClInclude>
    <ClInclude Include="Chara\Player\Player.h">
      <Filter>Chara\Player</Filter>
    </ClInclude>
    <ClInclude Include="Chara\CharaBase\CharaBase.h">
      <Filter>Chara\CharaBase</Filter>
    </ClInclude>
    <ClInclude Include="Base\Base.h">
      <Filter>Base</Filter>
    </ClInclude>
    <ClInclude Include="Navigation\NavManager.h">
      <Filter>Navigation</Filter>
    </ClInclude>
    <ClInclude Include="Navigation\NavNode.h">
      <Filter>Navigation</Filter>
    </ClInclude>
    <ClInclude Include="Field\FieldFloor.h">
      <Filter>Field</Filter>
    </ClInclude>
    <ClInclude Include="Field\FieldWall.h">
      <Filter>Field</Filter>
    </ClInclude>
    <ClInclude Include="GameScene\GameData.h">
      <Filter>GameScene</Filter>
    </ClInclude>
    <ClInclude Include="Filta\Filta.h">
      <Filter>Filta</Filter>
    </ClInclude>
    <ClInclude Include="Debug\DebugPrint.h">
      <Filter>Debug</Filter>
    </ClInclude>
    <ClInclude Include="Debug\DebugProfiler.h">
      <Filter>Debug</Filter>
    </ClInclude>
    <ClInclude Include="Light\Light.h">
      <Filter>Light</Filter>
    </ClInclude>
    <ClInclude Include="Field\FieldObject\Closet.h">
      <Filter>Field\FieldObject</Filter>
    </ClInclude>
    <ClInclude Include="Field\FieldObject\GimmickObjectBase.h">
      <Filter>Field\FieldObject</Filter>
    </ClInclude>
    <ClInclude Include="Field\FieldObject\Telephone.h">
      <Filter>Field\FieldObject</Filter>
    </ClInclude>
    <ClInclude Include="CollisionHitBox\CollisionBoxBase.h">
      <Filter>CollisionHitBox</Filter>
    </ClInclude>
    <ClInclude Include="CollisionHitBox\MidPoint.h">
      <Filter>CollisionHitBox</Filter>
    </ClInclude>
    <ClInclude Include="CollisionHitBox\EndPoint.h">
      <Filter>CollisionHitBox</Filter>
    </ClInclude>
    <ClInclude Include="Item\PresentBox.h">
      <Filter>Item</Filter>
    </ClInclude>
    <ClInclude Include="Field\FieldObject\Switch.h">
      <Filter>Field\FieldObject</Filter>
    </ClInclude>
    <ClInclude Include="UI\SleepLife.h">
      <Filter>UI</Filter>
    </ClInclude>
    <ClInclude Include="UI\ToolTips.h">
      <Filter>UI</Filter>
    </ClInclude>
    <ClInclude Include="UI\Timer.h">
      <Filter>UI</Filter>
    </ClInclude>
  </ItemGroup>
  <ItemGroup>
    <Filter Include="Base">
      <UniqueIdentifier>{64b995b3-a0ad-4032-99ed-d67412505ffd}</UniqueIdentifier>
    </Filter>
    <Filter Include="Camera">
      <UniqueIdentifier>{ea666bca-2eea-49d5-93ca-24f0f69d3bc3}</UniqueIdentifier>
    </Filter>
    <Filter Include="Item">
      <UniqueIdentifier>{8217cb15-f86b-4470-8a68-386fd4da197f}</UniqueIdentifier>
    </Filter>
    <Filter Include="UI">
      <UniqueIdentifier>{55e4a263-57ff-4613-afb9-2e018c0ddb71}</UniqueIdentifier>
    </Filter>
    <Filter Include="Task">
      <UniqueIdentifier>{055b914b-66b9-44e2-96e7-00c1cae9998e}</UniqueIdentifier>
    </Filter>
    <Filter Include="Title">
      <UniqueIdentifier>{50ea078e-0b7c-4675-886e-0a802ac3aa7e}</UniqueIdentifier>
    </Filter>
    <Filter Include="Field">
      <UniqueIdentifier>{1fd97354-a339-4d6b-8df9-a2a3c8cca42e}</UniqueIdentifier>
    </Filter>
    <Filter Include="ObjectBase">
      <UniqueIdentifier>{45a4fc34-0f16-4afe-ab1e-e761cfdda7d1}</UniqueIdentifier>
    </Filter>
    <Filter Include="GameScene">
      <UniqueIdentifier>{f6bf45bd-8f37-4cc9-a20a-dffbbb1a62fb}</UniqueIdentifier>
    </Filter>
    <Filter Include="Chara">
      <UniqueIdentifier>{52bb9c99-4c33-4035-ae5e-56de2c2a044d}</UniqueIdentifier>
    </Filter>
    <Filter Include="Chara\CharaBase">
      <UniqueIdentifier>{75e64548-5a99-4d86-8d4a-558b54c1d29d}</UniqueIdentifier>
    </Filter>
    <Filter Include="Chara\Enemy">
      <UniqueIdentifier>{cc9c4d1b-4b09-49cb-9e66-97de2650788f}</UniqueIdentifier>
    </Filter>
    <Filter Include="Chara\Player">
      <UniqueIdentifier>{36722066-414a-42d6-bd1a-dbcebf19dcf6}</UniqueIdentifier>
    </Filter>
    <Filter Include="CollisionHitBox">
      <UniqueIdentifier>{90e1a39f-97e9-4299-a7d4-dd3972604e05}</UniqueIdentifier>
    </Filter>
    <Filter Include="Navigation">
      <UniqueIdentifier>{76e0b7ed-7ef5-4218-a714-59974aa196c8}</UniqueIdentifier>
    </Filter>
    <Filter Include="Filta">
      <UniqueIdentifier>{6dfc0d7f-d901-4a33-b957-caebb28b6372}</UniqueIdentifier>
    </Filter>
    <Filter Include="Debug">
      <UniqueIdentifier>{8cefd5a2-2632-456e-9986-472fbb53795a}</UniqueIdentifier>
    </Filter>
    <Filter Include="Light">
      <UniqueIdentifier>{6c641b77-845b-40bb-8367-3daa33eaf3ab}</UniqueIdentifier>
    </Filter>
    <Filter Include="Field\FieldObject">
      <UniqueIdentifier>{1cd9d87e-6214-4d3a-90d4-c08adaf218db}</UniqueIdentifier>
    </Filter>
  </ItemGroup>
  <ItemGroup>
    <ClCompile Include="main.cpp" />
    <ClCompile Include="Camera\Camera.cpp">
      <Filter>Camera</Filter>
    </ClCompile>
    <ClCompile Include="Field\Field.cpp">
      <Filter>Field</Filter>
    </ClCompile>
    <ClCompile Include="Item\Item.cpp">
      <Filter>Item</Filter>
    </ClCompile>
    <ClCompile Include="Task\Task.cpp">
      <Filter>Task</Filter>
    </ClCompile>
    <ClCompile Include="Task\TaskManager.cpp">
      <Filter>Task</Filter>
    </ClCompile>
    <ClCompile Include="Title\Title.cpp">
      <Filter>Title</Filter>
    </ClCompile>
    <ClCompile Include="ObjectBase\ObjectBase.cpp">
      <Filter>ObjectBase</Filter>
    </ClCompile>
    <ClCompile Include="GameScene\GameScene.cpp">
      <Filter>GameScene</Filter>
    </ClCompile>
    <ClCompile Include="Chara\Enemy\Enemy.cpp">
      <Filter>Chara\Enemy</Filter>
    </ClCompile>
    <ClCompile Include="Chara\Enemy\EnemyManager.cpp">
      <Filter>Chara\Enemy</Filter>
    </ClCompile>
    <ClCompile Include="Chara\Player\Player.cpp">
      <Filter>Chara\Player</Filter>
    </ClCompile>
    <ClCompile Include="Chara\CharaBase\CharaBase.cpp">
      <Filter>Chara\CharaBase</Filter>
    </ClCompile>
    <ClCompile Include="Base\Base.cpp">
      <Filter>Base</Filter>
    </ClCompile>
    <ClCompile Include="Navigation\NavManager.cpp">
      <Filter>Navigation</Filter>
    </ClCompile>
    <ClCompile Include="Navigation\NavNode.cpp">
      <Filter>Navigation</Filter>
    </ClCompile>
    <ClCompile Include="Field\FieldFloor.cpp">
      <Filter>Field</Filter>
    </ClCompile>
    <ClCompile Include="Field\FieldWall.cpp">
      <Filter>Field</Filter>
    </ClCompile>
    <ClCompile Include="GameScene\GameData.cpp">
      <Filter>GameScene</Filter>
    </ClCompile>
    <ClCompile Include="Filta\Filta.cpp">
      <Filter>Filta</Filter>
    </ClCompile>
    <ClCompile Include="Debug\DebugPrint.cpp">
      <Filter>Debug</Filter>
    </ClCompile>
    <ClCompile Include="Debug\DebugProfiler.cpp">
      <Filter>Debug</Filter>
    </ClCompile>
    <ClCompile Include="Light\Light.cpp">
      <Filter>Light</Filter>
    </ClCompile>
    <ClCompile Include="Field\FieldObject\Closet.cpp">
      <Filter>Field\FieldObject</Filter>
    </ClCompile>
    <ClCompile Include="Field\FieldObject\GimmickObjectBase.cpp">
      <Filter>Field\FieldObject</Filter>
    </ClCompile>
    <ClCompile Include="Field\FieldObject\Telephone.cpp">
      <Filter>Field\FieldObject</Filter>
    </ClCompile>
    <ClCompile Include="CollisionHitBox\CollisionBoxBase.cpp">
      <Filter>CollisionHitBox</Filter>
    </ClCompile>
    <ClCompile Include="CollisionHitBox\MidPoint.cpp">
      <Filter>CollisionHitBox</Filter>
    </ClCompile>
    <ClCompile Include="CollisionHitBox\EndPoint.cpp">
      <Filter>CollisionHitBox</Filter>
    </ClCompile>
    <ClCompile Include="Item\PresentBox.cpp">
      <Filter>Item</Filter>
    </ClCompile>
    <ClCompile Include="Field\FieldObject\Switch.cpp">
      <Filter>Field\FieldObject</Filter>
    </ClCompile>
    <ClCompile Include="UI\SleepLife.cpp">
      <Filter>UI</Filter>
    </ClCompile>
    <ClCompile Include="UI\ToolTips.cpp">
      <Filter>UI</Filter>
    </ClCompile>
    <ClCompile Include="UI\Timer.cpp">
      <Filter>UI</Filter>
    </ClCompile>
  </ItemGroup>
</Project>